
Microsoft Visual Studio Solution File, Format Version 12.00
# Visual Studio Version 16
VisualStudioVersion = 16.0.29609.76
MinimumVisualStudioVersion = 10.0.40219.1
Project("{F184B08F-C81C-45F6-A57F-5ABD9991F28F}") = "DataCenter", "DataCenter.vbproj", "{C07FE9D3-2F47-4066-835E-FBBA2D75D0AA}"
EndProject
Global
	GlobalSection(SolutionConfigurationPlatforms) = preSolution
		Debug|Any CPU = Debug|Any CPU
		Release|Any CPU = Release|Any CPU
	EndGlobalSection
	GlobalSection(ProjectConfigurationPlatforms) = postSolution
		{C07FE9D3-2F47-4066-835E-FBBA2D75D0AA}.Debug|Any CPU.ActiveCfg = Debug|Any CPU
		{C07FE9D3-2F47-4066-835E-FBBA2D75D0AA}.Debug|Any CPU.Build.0 = Debug|Any CPU
		{C07FE9D3-2F47-4066-835E-FBBA2D75D0AA}.Release|Any CPU.ActiveCfg = Release|Any CPU
		{C07FE9D3-2F47-4066-835E-FBBA2D75D0AA}.Release|Any CPU.Build.0 = Release|Any CPU
	EndGlobalSection
	GlobalSection(SolutionProperties) = preSolution
		HideSolutionNode = FALSE
	EndGlobalSection
	GlobalSection(ExtensibilityGlobals) = postSolution
		SolutionGuid = {3B617C4B-B422-4810-A275-BAE7761BB921}
	EndGlobalSection
EndGlobal
